
Microsoft Visual Studio Solution File, Format Version 12.00
# Visual Studio Version 17
VisualStudioVersion = 17.8.34330.188
MinimumVisualStudioVersion = 10.0.40219.1
Project("{FAE04EC0-301F-11D3-BF4B-00C04F79EFBC}") = "practice", "practice\practice.csproj", "{BF4F3F0E-0A30-405B-B1FA-0B3F37A012D5}"
EndProject
Global
	GlobalSection(SolutionConfigurationPlatforms) = preSolution
		Debug|Any CPU = Debug|Any CPU
		Release|Any CPU = Release|Any CPU
	EndGlobalSection
	GlobalSection(ProjectConfigurationPlatforms) = postSolution
		{BF4F3F0E-0A30-405B-B1FA-0B3F37A012D5}.Debug|Any CPU.ActiveCfg = Debug|Any CPU
		{BF4F3F0E-0A30-405B-B1FA-0B3F37A012D5}.Debug|Any CPU.Build.0 = Debug|Any CPU
		{BF4F3F0E-0A30-405B-B1FA-0B3F37A012D5}.Release|Any CPU.ActiveCfg = Release|Any CPU
		{BF4F3F0E-0A30-405B-B1FA-0B3F37A012D5}.Release|Any CPU.Build.0 = Release|Any CPU
	EndGlobalSection
	GlobalSection(SolutionProperties) = preSolution
		HideSolutionNode = FALSE
	EndGlobalSection
	GlobalSection(ExtensibilityGlobals) = postSolution
		SolutionGuid = {00215D66-A4CA-4A8F-B02E-C694DB5BDF2D}
	EndGlobalSection
EndGlobal
